
Microsoft Visual Studio Solution File, Format Version 12.00
# Visual Studio Version 16
VisualStudioVersion = 16.0.31205.134
MinimumVisualStudioVersion = 10.0.40219.1
Project("{9A19103F-16F7-4668-BE54-9A1E7A4F7556}") = "Kasina HR Portal", "AutomationTest\Kasina HR Portal.csproj", "{D9408611-4E9C-4816-B338-BF12847577CC}"
EndProject
Global
	GlobalSection(SolutionConfigurationPlatforms) = preSolution
		Debug|Any CPU = Debug|Any CPU
		Release|Any CPU = Release|Any CPU
	EndGlobalSection
	GlobalSection(ProjectConfigurationPlatforms) = postSolution
		{D9408611-4E9C-4816-B338-BF12847577CC}.Debug|Any CPU.ActiveCfg = Debug|Any CPU
		{D9408611-4E9C-4816-B338-BF12847577CC}.Debug|Any CPU.Build.0 = Debug|Any CPU
		{D9408611-4E9C-4816-B338-BF12847577CC}.Release|Any CPU.ActiveCfg = Release|Any CPU
		{D9408611-4E9C-4816-B338-BF12847577CC}.Release|Any CPU.Build.0 = Release|Any CPU
	EndGlobalSection
	GlobalSection(SolutionProperties) = preSolution
		HideSolutionNode = FALSE
	EndGlobalSection
	GlobalSection(ExtensibilityGlobals) = postSolution
		SolutionGuid = {DBC8CF5E-B759-442E-86DD-430AEA15B039}
	EndGlobalSection
EndGlobal
